{
  "name": "controller",
  "lockfileVersion": 2,
  "requires": true,
  "packages": {
    "": {
      "dependencies": {
        "uglify-js": "^3.15.3",
        "yuicompressor": "^2.4.8"
      }
    },
    "node_modules/uglify-js": {
      "version": "3.15.3",
      "resolved": "https://registry.npmjs.org/uglify-js/-/uglify-js-3.15.3.tgz",
      "integrity": "sha512-6iCVm2omGJbsu3JWac+p6kUiOpg3wFO2f8lIXjfEb8RrmLjzog1wTPMmwKB7swfzzqxj9YM+sGUM++u1qN4qJg==",
      "bin": {
        "uglifyjs": "bin/uglifyjs"
      },
      "engines": {
        "node": ">=0.8.0"
      }
    },
    "node_modules/yuicompressor": {
      "version": "2.4.8",
      "resolved": "https://registry.npmjs.org/yuicompressor/-/yuicompressor-2.4.8.tgz",
      "integrity": "sha1-mNJnUfFm49uRmy/j6nz2Qt6ZjYs=",
      "bin": {
        "yuicompressor": "nodejs/cli.js"
      }
    }
  },
  "dependencies": {
    "uglify-js": {
      "version": "3.15.3",
      "resolved": "https://registry.npmjs.org/uglify-js/-/uglify-js-3.15.3.tgz",
      "integrity": "sha512-6iCVm2omGJbsu3JWac+p6kUiOpg3wFO2f8lIXjfEb8RrmLjzog1wTPMmwKB7swfzzqxj9YM+sGUM++u1qN4qJg=="
    },
    "yuicompressor": {
      "version": "2.4.8",
      "resolved": "https://registry.npmjs.org/yuicompressor/-/yuicompressor-2.4.8.tgz",
      "integrity": "sha1-mNJnUfFm49uRmy/j6nz2Qt6ZjYs="
    }
  }
}
